
Microsoft Visual Studio Solution File, Format Version 12.00
# Visual Studio Version 17
VisualStudioVersion = 17.13.35931.197 d17.13
MinimumVisualStudioVersion = 10.0.40219.1
Project("{FAE04EC0-301F-11D3-BF4B-00C04F79EFBC}") = "frontend", "frontend\frontend.csproj", "{C07F7F98-3CF1-4944-BB80-1A26023D2090}"
EndProject
Global
	GlobalSection(SolutionConfigurationPlatforms) = preSolution
		Debug|Any CPU = Debug|Any CPU
		Release|Any CPU = Release|Any CPU
	EndGlobalSection
	GlobalSection(ProjectConfigurationPlatforms) = postSolution
		{C07F7F98-3CF1-4944-BB80-1A26023D2090}.Debug|Any CPU.ActiveCfg = Debug|Any CPU
		{C07F7F98-3CF1-4944-BB80-1A26023D2090}.Debug|Any CPU.Build.0 = Debug|Any CPU
		{C07F7F98-3CF1-4944-BB80-1A26023D2090}.Release|Any CPU.ActiveCfg = Release|Any CPU
		{C07F7F98-3CF1-4944-BB80-1A26023D2090}.Release|Any CPU.Build.0 = Release|Any CPU
	EndGlobalSection
	GlobalSection(SolutionProperties) = preSolution
		HideSolutionNode = FALSE
	EndGlobalSection
	GlobalSection(ExtensibilityGlobals) = postSolution
		SolutionGuid = {0439C049-DEC6-4272-B4FC-1064D5DE79D7}
	EndGlobalSection
EndGlobal
